
Microsoft Visual Studio Solution File, Format Version 12.00
# Visual Studio Version 17
VisualStudioVersion = 17.5.002.0
MinimumVisualStudioVersion = 10.0.40219.1
Project("{9A19103F-16F7-4668-BE54-9A1E7A4F7556}") = "Learn DotNetCore", "Learn DotNetCore.csproj", "{B0654104-EB8A-46AD-9C3C-ED844CC18074}"
EndProject
Global
	GlobalSection(SolutionConfigurationPlatforms) = preSolution
		Debug|Any CPU = Debug|Any CPU
		Release|Any CPU = Release|Any CPU
	EndGlobalSection
	GlobalSection(ProjectConfigurationPlatforms) = postSolution
		{B0654104-EB8A-46AD-9C3C-ED844CC18074}.Debug|Any CPU.ActiveCfg = Debug|Any CPU
		{B0654104-EB8A-46AD-9C3C-ED844CC18074}.Debug|Any CPU.Build.0 = Debug|Any CPU
		{B0654104-EB8A-46AD-9C3C-ED844CC18074}.Release|Any CPU.ActiveCfg = Release|Any CPU
		{B0654104-EB8A-46AD-9C3C-ED844CC18074}.Release|Any CPU.Build.0 = Release|Any CPU
	EndGlobalSection
	GlobalSection(SolutionProperties) = preSolution
		HideSolutionNode = FALSE
	EndGlobalSection
	GlobalSection(ExtensibilityGlobals) = postSolution
		SolutionGuid = {5085A827-1617-4C5A-BAD5-7F541EEB9120}
	EndGlobalSection
EndGlobal
